{
  "name": "lochain",
  "version": "1.0.0",
  "lockfileVersion": 2,
  "requires": true,
  "packages": {
    "": {
      "name": "lochain",
      "version": "1.0.0",
      "license": "ISC",
      "dependencies": {
        "child_process": "^1.0.2",
        "fs": "^0.0.1-security",
        "ps-node": "^0.1.6",
        "semver": "^7.3.7"
      },
      "devDependencies": {
        "@types/node": "^18.7.21",
        "@types/semver": "^7.3.12",
        "typescript": "^4.8.3"
      }
    },
    "node_modules/@types/node": {
      "version": "18.7.21",
      "resolved": "https://registry.npmjs.org/@types/node/-/node-18.7.21.tgz",
      "integrity": "sha512-rLFzK5bhM0YPyCoTC8bolBjMk7bwnZ8qeZUBslBfjZQou2ssJdWslx9CZ8DGM+Dx7QXQiiTVZ/6QO6kwtHkZCA==",
      "dev": true
    },
    "node_modules/@types/semver": {
      "version": "7.3.12",
      "resolved": "https://registry.npmjs.org/@types/semver/-/semver-7.3.12.tgz",
      "integrity": "sha512-WwA1MW0++RfXmCr12xeYOOC5baSC9mSb0ZqCquFzKhcoF4TvHu5MKOuXsncgZcpVFhB1pXd5hZmM0ryAoCp12A==",
      "dev": true
    },
    "node_modules/child_process": {
      "version": "1.0.2",
      "resolved": "https://registry.npmjs.org/child_process/-/child_process-1.0.2.tgz",
      "integrity": "sha512-Wmza/JzL0SiWz7kl6MhIKT5ceIlnFPJX+lwUGj7Clhy5MMldsSoJR0+uvRzOS5Kv45Mq7t1PoE8TsOA9bzvb6g=="
    },
    "node_modules/connected-domain": {
      "version": "1.0.0",
      "resolved": "https://registry.npmjs.org/connected-domain/-/connected-domain-1.0.0.tgz",
      "integrity": "sha512-lHlohUiJxlpunvDag2Y0pO20bnvarMjnrdciZeuJUqRwrf/5JHNhdpiPIr5GQ8IkqrFj5TDMQwcCjblGo1oeuA=="
    },
    "node_modules/fs": {
      "version": "0.0.1-security",
      "resolved": "https://registry.npmjs.org/fs/-/fs-0.0.1-security.tgz",
      "integrity": "sha512-3XY9e1pP0CVEUCdj5BmfIZxRBTSDycnbqhIOGec9QYtmVH2fbLpj86CFWkrNOkt/Fvty4KZG5lTglL9j/gJ87w=="
    },
    "node_modules/lru-cache": {
      "version": "6.0.0",
      "resolved": "https://registry.npmjs.org/lru-cache/-/lru-cache-6.0.0.tgz",
      "integrity": "sha512-Jo6dJ04CmSjuznwJSS3pUeWmd/H0ffTlkXXgwZi+eq1UCmqQwCh+eLsYOYCwY991i2Fah4h1BEMCx4qThGbsiA==",
      "dependencies": {
        "yallist": "^4.0.0"
      },
      "engines": {
        "node": ">=10"
      }
    },
    "node_modules/ps-node": {
      "version": "0.1.6",
      "resolved": "https://registry.npmjs.org/ps-node/-/ps-node-0.1.6.tgz",
      "integrity": "sha512-w7QJhUTbu70hpDso0YXDRNKCPNuchV8UTUZsAv0m7Qj5g85oHOJfr9drA1EjvK4nQK/bG8P97W4L6PJ3IQLoOA==",
      "dependencies": {
        "table-parser": "^0.1.3"
      }
    },
    "node_modules/semver": {
      "version": "7.3.7",
      "resolved": "https://registry.npmjs.org/semver/-/semver-7.3.7.tgz",
      "integrity": "sha512-QlYTucUYOews+WeEujDoEGziz4K6c47V/Bd+LjSSYcA94p+DmINdf7ncaUinThfvZyu13lN9OY1XDxt8C0Tw0g==",
      "dependencies": {
        "lru-cache": "^6.0.0"
      },
      "bin": {
        "semver": "bin/semver.js"
      },
      "engines": {
        "node": ">=10"
      }
    },
    "node_modules/table-parser": {
      "version": "0.1.3",
      "resolved": "https://registry.npmjs.org/table-parser/-/table-parser-0.1.3.tgz",
      "integrity": "sha512-LCYeuvqqoPII3lzzYaXKbC3Forb+d2u4bNwhk/9FlivuGRxPE28YEWAYcujeSlLLDlMfvy29+WPybFJZFiKMYg==",
      "dependencies": {
        "connected-domain": "^1.0.0"
      }
    },
    "node_modules/typescript": {
      "version": "4.8.3",
      "resolved": "https://registry.npmjs.org/typescript/-/typescript-4.8.3.tgz",
      "integrity": "sha512-goMHfm00nWPa8UvR/CPSvykqf6dVV8x/dp0c5mFTMTIu0u0FlGWRioyy7Nn0PGAdHxpJZnuO/ut+PpQ8UiHAig==",
      "dev": true,
      "bin": {
        "tsc": "bin/tsc",
        "tsserver": "bin/tsserver"
      },
      "engines": {
        "node": ">=4.2.0"
      }
    },
    "node_modules/yallist": {
      "version": "4.0.0",
      "resolved": "https://registry.npmjs.org/yallist/-/yallist-4.0.0.tgz",
      "integrity": "sha512-3wdGidZyq5PB084XLES5TpOSRA3wjXAlIWMhum2kRcv/41Sn2emQ0dycQW4uZXLejwKvg6EsvbdlVL+FYEct7A=="
    }
  },
  "dependencies": {
    "@types/node": {
      "version": "18.7.21",
      "resolved": "https://registry.npmjs.org/@types/node/-/node-18.7.21.tgz",
      "integrity": "sha512-rLFzK5bhM0YPyCoTC8bolBjMk7bwnZ8qeZUBslBfjZQou2ssJdWslx9CZ8DGM+Dx7QXQiiTVZ/6QO6kwtHkZCA==",
      "dev": true
    },
    "@types/semver": {
      "version": "7.3.12",
      "resolved": "https://registry.npmjs.org/@types/semver/-/semver-7.3.12.tgz",
      "integrity": "sha512-WwA1MW0++RfXmCr12xeYOOC5baSC9mSb0ZqCquFzKhcoF4TvHu5MKOuXsncgZcpVFhB1pXd5hZmM0ryAoCp12A==",
      "dev": true
    },
    "child_process": {
      "version": "1.0.2",
      "resolved": "https://registry.npmjs.org/child_process/-/child_process-1.0.2.tgz",
      "integrity": "sha512-Wmza/JzL0SiWz7kl6MhIKT5ceIlnFPJX+lwUGj7Clhy5MMldsSoJR0+uvRzOS5Kv45Mq7t1PoE8TsOA9bzvb6g=="
    },
    "connected-domain": {
      "version": "1.0.0",
      "resolved": "https://registry.npmjs.org/connected-domain/-/connected-domain-1.0.0.tgz",
      "integrity": "sha512-lHlohUiJxlpunvDag2Y0pO20bnvarMjnrdciZeuJUqRwrf/5JHNhdpiPIr5GQ8IkqrFj5TDMQwcCjblGo1oeuA=="
    },
    "fs": {
      "version": "0.0.1-security",
      "resolved": "https://registry.npmjs.org/fs/-/fs-0.0.1-security.tgz",
      "integrity": "sha512-3XY9e1pP0CVEUCdj5BmfIZxRBTSDycnbqhIOGec9QYtmVH2fbLpj86CFWkrNOkt/Fvty4KZG5lTglL9j/gJ87w=="
    },
    "lru-cache": {
      "version": "6.0.0",
      "resolved": "https://registry.npmjs.org/lru-cache/-/lru-cache-6.0.0.tgz",
      "integrity": "sha512-Jo6dJ04CmSjuznwJSS3pUeWmd/H0ffTlkXXgwZi+eq1UCmqQwCh+eLsYOYCwY991i2Fah4h1BEMCx4qThGbsiA==",
      "requires": {
        "yallist": "^4.0.0"
      }
    },
    "ps-node": {
      "version": "0.1.6",
      "resolved": "https://registry.npmjs.org/ps-node/-/ps-node-0.1.6.tgz",
      "integrity": "sha512-w7QJhUTbu70hpDso0YXDRNKCPNuchV8UTUZsAv0m7Qj5g85oHOJfr9drA1EjvK4nQK/bG8P97W4L6PJ3IQLoOA==",
      "requires": {
        "table-parser": "^0.1.3"
      }
    },
    "semver": {
      "version": "7.3.7",
      "resolved": "https://registry.npmjs.org/semver/-/semver-7.3.7.tgz",
      "integrity": "sha512-QlYTucUYOews+WeEujDoEGziz4K6c47V/Bd+LjSSYcA94p+DmINdf7ncaUinThfvZyu13lN9OY1XDxt8C0Tw0g==",
      "requires": {
        "lru-cache": "^6.0.0"
      }
    },
    "table-parser": {
      "version": "0.1.3",
      "resolved": "https://registry.npmjs.org/table-parser/-/table-parser-0.1.3.tgz",
      "integrity": "sha512-LCYeuvqqoPII3lzzYaXKbC3Forb+d2u4bNwhk/9FlivuGRxPE28YEWAYcujeSlLLDlMfvy29+WPybFJZFiKMYg==",
      "requires": {
        "connected-domain": "^1.0.0"
      }
    },
    "typescript": {
      "version": "4.8.3",
      "resolved": "https://registry.npmjs.org/typescript/-/typescript-4.8.3.tgz",
      "integrity": "sha512-goMHfm00nWPa8UvR/CPSvykqf6dVV8x/dp0c5mFTMTIu0u0FlGWRioyy7Nn0PGAdHxpJZnuO/ut+PpQ8UiHAig==",
      "dev": true
    },
    "yallist": {
      "version": "4.0.0",
      "resolved": "https://registry.npmjs.org/yallist/-/yallist-4.0.0.tgz",
      "integrity": "sha512-3wdGidZyq5PB084XLES5TpOSRA3wjXAlIWMhum2kRcv/41Sn2emQ0dycQW4uZXLejwKvg6EsvbdlVL+FYEct7A=="
    }
  }
}
